// !$*UTF8*$!
{
	archiveVersion = 1;
	classes = {
	};
	objectVersion = 46;
	objects = {

/* Begin PBXBuildFile section */
		B84303FC17DC211700C41508 /* UIKit.framework in Frameworks */ = {isa = PBXBuildFile; fileRef = B84303FB17DC211700C41508 /* UIKit.framework */; };
		B84303FE17DC211700C41508 /* Foundation.framework in Frameworks */ = {isa = PBXBuildFile; fileRef = B84303FD17DC211700C41508 /* Foundation.framework */; };
		B843040017DC211700C41508 /* CoreGraphics.framework in Frameworks */ = {isa = PBXBuildFile; fileRef = B84303FF17DC211700C41508 /* CoreGraphics.framework */; };
		B843040617DC211700C41508 /* InfoPlist.strings in Resources */ = {isa = PBXBuildFile; fileRef = B843040417DC211700C41508 /* InfoPlist.strings */; };
		B843040817DC211700C41508 /* main.m in Sources */ = {isa = PBXBuildFile; fileRef = B843040717DC211700C41508 /* main.m */; };
		B843040C17DC211700C41508 /* AppDelegate.m in Sources */ = {isa = PBXBuildFile; fileRef = B843040B17DC211700C41508 /* AppDelegate.m */; };
		B843040E17DC211700C41508 /* Default.png in Resources */ = {isa = PBXBuildFile; fileRef = B843040D17DC211700C41508 /* Default.png */; };
		B843041017DC211700C41508 /* Default@2x.png in Resources */ = {isa = PBXBuildFile; fileRef = B843040F17DC211700C41508 /* Default@2x.png */; };
		B843041217DC211700C41508 /* Default-568h@2x.png in Resources */ = {isa = PBXBuildFile; fileRef = B843041117DC211700C41508 /* Default-568h@2x.png */; };
		B843041517DC211700C41508 /* ViewController.m in Sources */ = {isa = PBXBuildFile; fileRef = B843041417DC211700C41508 /* ViewController.m */; };
		B843041817DC211700C41508 /* ViewController_iPhone.xib in Resources */ = {isa = PBXBuildFile; fileRef = B843041617DC211700C41508 /* ViewController_iPhone.xib */; };
		B843041B17DC211700C41508 /* ViewController_iPad.xib in Resources */ = {isa = PBXBuildFile; fileRef = B843041917DC211700C41508 /* ViewController_iPad.xib */; };
/* End PBXBuildFile section */

/* Begin PBXFileReference section */
		B84303F817DC211700C41508 /* MDF1Project2.app */ = {isa = PBXFileReference; explicitFileType = wrapper.application; includeInIndex = 0; path = MDF1Project2.app; sourceTree = BUILT_PRODUCTS_DIR; };
		B84303FB17DC211700C41508 /* UIKit.framework */ = {isa = PBXFileReference; lastKnownFileType = wrapper.framework; name = UIKit.framework; path = System/Library/Frameworks/UIKit.framework; sourceTree = SDKROOT; };
		B84303FD17DC211700C41508 /* Foundation.framework */ = {isa = PBXFileReference; lastKnownFileType = wrapper.framework; name = Foundation.framework; path = System/Library/Frameworks/Foundation.framework; sourceTree = SDKROOT; };
		B84303FF17DC211700C41508 /* CoreGraphics.framework */ = {isa = PBXFileReference; lastKnownFileType = wrapper.framework; name = CoreGraphics.framework; path = System/Library/Frameworks/CoreGraphics.framework; sourceTree = SDKROOT; };
		B843040317DC211700C41508 /* MDF1Project2-Info.plist */ = {isa = PBXFileReference; lastKnownFileType = text.plist.xml; path = "MDF1Project2-Info.plist"; sourceTree = "<group>"; };
		B843040517DC211700C41508 /* en */ = {isa = PBXFileReference; lastKnownFileType = text.plist.strings; name = en; path = en.lproj/InfoPlist.strings; sourceTree = "<group>"; };
		B843040717DC211700C41508 /* main.m */ = {isa = PBXFileReference; lastKnownFileType = sourcecode.c.objc; path = main.m; sourceTree = "<group>"; };
		B843040917DC211700C41508 /* MDF1Project2-Prefix.pch */ = {isa = PBXFileReference; lastKnownFileType = sourcecode.c.h; path = "MDF1Project2-Prefix.pch"; sourceTree = "<group>"; };
		B843040A17DC211700C41508 /* AppDelegate.h */ = {isa = PBXFileReference; lastKnownFileType = sourcecode.c.h; path = AppDelegate.h; sourceTree = "<group>"; };
		B843040B17DC211700C41508 /* AppDelegate.m */ = {isa = PBXFileReference; lastKnownFileType = sourcecode.c.objc; path = AppDelegate.m; sourceTree = "<group>"; };
		B843040D17DC211700C41508 /* Default.png */ = {isa = PBXFileReference; lastKnownFileType = image.png; path = Default.png; sourceTree = "<group>"; };
		B843040F17DC211700C41508 /* Default@2x.png */ = {isa = PBXFileReference; lastKnownFileType = image.png; path = "Default@2x.png"; sourceTree = "<group>"; };
		B843041117DC211700C41508 /* Default-568h@2x.png */ = {isa = PBXFileReference; lastKnownFileType = image.png; path = "Default-568h@2x.png"; sourceTree = "<group>"; };
		B843041317DC211700C41508 /* ViewController.h */ = {isa = PBXFileReference; lastKnownFileType = sourcecode.c.h; path = ViewController.h; sourceTree = "<group>"; };
		B843041417DC211700C41508 /* ViewController.m */ = {isa = PBXFileReference; lastKnownFileType = sourcecode.c.objc; path = ViewController.m; sourceTree = "<group>"; };
		B843041717DC211700C41508 /* en */ = {isa = PBXFileReference; lastKnownFileType = file.xib; name = en; path = en.lproj/ViewController_iPhone.xib; sourceTree = "<group>"; };
		B843041A17DC211700C41508 /* en */ = {isa = PBXFileReference; lastKnownFileType = file.xib; name = en; path = en.lproj/ViewController_iPad.xib; sourceTree = "<group>"; };
/* End PBXFileReference section */

/* Begin PBXFrameworksBuildPhase section */
		B84303F517DC211700C41508 /* Frameworks */ = {
			isa = PBXFrameworksBuildPhase;
			buildActionMask = 2147483647;
			files = (
				B84303FC17DC211700C41508 /* UIKit.framework in Frameworks */,
				B84303FE17DC211700C41508 /* Foundation.framework in Frameworks */,
				B843040017DC211700C41508 /* CoreGraphics.framework in Frameworks */,
			);
			runOnlyForDeploymentPostprocessing = 0;
		};
/* End PBXFrameworksBuildPhase section */

/* Begin PBXGroup section */
		B84303EF17DC211700C41508 = {
			isa = PBXGroup;
			children = (
				B843040117DC211700C41508 /* MDF1Project2 */,
				B84303FA17DC211700C41508 /* Frameworks */,
				B84303F917DC211700C41508 /* Products */,
			);
			sourceTree = "<group>";
		};
		B84303F917DC211700C41508 /* Products */ = {
			isa = PBXGroup;
			children = (
				B84303F817DC211700C41508 /* MDF1Project2.app */,
			);
			name = Products;
			sourceTree = "<group>";
		};
		B84303FA17DC211700C41508 /* Frameworks */ = {
			isa = PBXGroup;
			children = (
				B84303FB17DC211700C41508 /* UIKit.framework */,
				B84303FD17DC211700C41508 /* Foundation.framework */,
				B84303FF17DC211700C41508 /* CoreGraphics.framework */,
			);
			name = Frameworks;
			sourceTree = "<group>";
		};
		B843040117DC211700C41508 /* MDF1Project2 */ = {
			isa = PBXGroup;
			children = (
				B843040A17DC211700C41508 /* AppDelegate.h */,
				B843040B17DC211700C41508 /* AppDelegate.m */,
				B843041317DC211700C41508 /* ViewController.h */,
				B843041417DC211700C41508 /* ViewController.m */,
				B843041617DC211700C41508 /* ViewController_iPhone.xib */,
				B843041917DC211700C41508 /* ViewController_iPad.xib */,
				B843040217DC211700C41508 /* Supporting Files */,
			);
			path = MDF1Project2;
			sourceTree = "<group>";
		};
		B843040217DC211700C41508 /* Supporting Files */ = {
			isa = PBXGroup;
			children = (
				B843040317DC211700C41508 /* MDF1Project2-Info.plist */,
				B843040417DC211700C41508 /* InfoPlist.strings */,
				B843040717DC211700C41508 /* main.m */,
				B843040917DC211700C41508 /* MDF1Project2-Prefix.pch */,
				B843040D17DC211700C41508 /* Default.png */,
				B843040F17DC211700C41508 /* Default@2x.png */,
				B843041117DC211700C41508 /* Default-568h@2x.png */,
			);
			name = "Supporting Files";
			sourceTree = "<group>";
		};
/* End PBXGroup section */

/* Begin PBXNativeTarget section */
		B84303F717DC211700C41508 /* MDF1Project2 */ = {
			isa = PBXNativeTarget;
			buildConfigurationList = B843041E17DC211700C41508 /* Build configuration list for PBXNativeTarget "MDF1Project2" */;
			buildPhases = (
				B84303F417DC211700C41508 /* Sources */,
				B84303F517DC211700C41508 /* Frameworks */,
				B84303F617DC211700C41508 /* Resources */,
			);
			buildRules = (
			);
			dependencies = (
			);
			name = MDF1Project2;
			productName = MDF1Project2;
			productReference = B84303F817DC211700C41508 /* MDF1Project2.app */;
			productType = "com.apple.product-type.application";
		};
/* End PBXNativeTarget section */

/* Begin PBXProject section */
		B84303F017DC211700C41508 /* Project object */ = {
			isa = PBXProject;
			attributes = {
				LastUpgradeCheck = 0460;
				ORGANIZATIONNAME = "Elijah Freestone";
			};
			buildConfigurationList = B84303F317DC211700C41508 /* Build configuration list for PBXProject "MDF1Project2" */;
			compatibilityVersion = "Xcode 3.2";
			developmentRegion = English;
			hasScannedForEncodings = 0;
			knownRegions = (
				en,
			);
			mainGroup = B84303EF17DC211700C41508;
			productRefGroup = B84303F917DC211700C41508 /* Products */;
			projectDirPath = "";
			projectRoot = "";
			targets = (
				B84303F717DC211700C41508 /* MDF1Project2 */,
			);
		};
/* End PBXProject section */

/* Begin PBXResourcesBuildPhase section */
		B84303F617DC211700C41508 /* Resources */ = {
			isa = PBXResourcesBuildPhase;
			buildActionMask = 2147483647;
			files = (
				B843040617DC211700C41508 /* InfoPlist.strings in Resources */,
				B843040E17DC211700C41508 /* Default.png in Resources */,
				B843041017DC211700C41508 /* Default@2x.png in Resources */,
				B843041217DC211700C41508 /* Default-568h@2x.png in Resources */,
				B843041817DC211700C41508 /* ViewController_iPhone.xib in Resources */,
				B843041B17DC211700C41508 /* ViewController_iPad.xib in Resources */,
			);
			runOnlyForDeploymentPostprocessing = 0;
		};
/* End PBXResourcesBuildPhase section */

/* Begin PBXSourcesBuildPhase section */
		B84303F417DC211700C41508 /* Sources */ = {
			isa = PBXSourcesBuildPhase;
			buildActionMask = 2147483647;
			files = (
				B843040817DC211700C41508 /* main.m in Sources */,
				B843040C17DC211700C41508 /* AppDelegate.m in Sources */,
				B843041517DC211700C41508 /* ViewController.m in Sources */,
			);
			runOnlyForDeploymentPostprocessing = 0;
		};
/* End PBXSourcesBuildPhase section */

/* Begin PBXVariantGroup section */
		B843040417DC211700C41508 /* InfoPlist.strings */ = {
			isa = PBXVariantGroup;
			children = (
				B843040517DC211700C41508 /* en */,
			);
			name = InfoPlist.strings;
			sourceTree = "<group>";
		};
		B843041617DC211700C41508 /* ViewController_iPhone.xib */ = {
			isa = PBXVariantGroup;
			children = (
				B843041717DC211700C41508 /* en */,
			);
			name = ViewController_iPhone.xib;
			sourceTree = "<group>";
		};
		B843041917DC211700C41508 /* ViewController_iPad.xib */ = {
			isa = PBXVariantGroup;
			children = (
				B843041A17DC211700C41508 /* en */,
			);
			name = ViewController_iPad.xib;
			sourceTree = "<group>";
		};
/* End PBXVariantGroup section */

/* Begin XCBuildConfiguration section */
		B843041C17DC211700C41508 /* Debug */ = {
			isa = XCBuildConfiguration;
			buildSettings = {
				ALWAYS_SEARCH_USER_PATHS = NO;
				CLANG_CXX_LANGUAGE_STANDARD = "gnu++0x";
				CLANG_CXX_LIBRARY = "libc++";
				CLANG_WARN_CONSTANT_CONVERSION = YES;
				CLANG_WARN_EMPTY_BODY = YES;
				CLANG_WARN_ENUM_CONVERSION = YES;
				CLANG_WARN_INT_CONVERSION = YES;
				CLANG_WARN__DUPLICATE_METHOD_MATCH = YES;
				"CODE_SIGN_IDENTITY[sdk=iphoneos*]" = "iPhone Developer";
				COPY_PHASE_STRIP = NO;
				GCC_C_LANGUAGE_STANDARD = gnu99;
				GCC_DYNAMIC_NO_PIC = NO;
				GCC_OPTIMIZATION_LEVEL = 0;
				GCC_PREPROCESSOR_DEFINITIONS = (
					"DEBUG=1",
					"$(inherited)",
				);
				GCC_SYMBOLS_PRIVATE_EXTERN = NO;
				GCC_WARN_ABOUT_RETURN_TYPE = YES;
				GCC_WARN_UNINITIALIZED_AUTOS = YES;
				GCC_WARN_UNUSED_VARIABLE = YES;
				IPHONEOS_DEPLOYMENT_TARGET = 6.1;
				ONLY_ACTIVE_ARCH = YES;
				SDKROOT = iphoneos;
				TARGETED_DEVICE_FAMILY = "1,2";
			};
			name = Debug;
		};
		B843041D17DC211700C41508 /* Release */ = {
			isa = XCBuildConfiguration;
			buildSettings = {
				ALWAYS_SEARCH_USER_PATHS = NO;
				CLANG_CXX_LANGUAGE_STANDARD = "gnu++0x";
				CLANG_CXX_LIBRARY = "libc++";
				CLANG_WARN_CONSTANT_CONVERSION = YES;
				CLANG_WARN_EMPTY_BODY = YES;
				CLANG_WARN_ENUM_CONVERSION = YES;
				CLANG_WARN_INT_CONVERSION = YES;
				CLANG_WARN__DUPLICATE_METHOD_MATCH = YES;
				"CODE_SIGN_IDENTITY[sdk=iphoneos*]" = "iPhone Developer";
				COPY_PHASE_STRIP = YES;
				GCC_C_LANGUAGE_STANDARD = gnu99;
				GCC_WARN_ABOUT_RETURN_TYPE = YES;
				GCC_WARN_UNINITIALIZED_AUTOS = YES;
				GCC_WARN_UNUSED_VARIABLE = YES;
				IPHONEOS_DEPLOYMENT_TARGET = 6.1;
				OTHER_CFLAGS = "-DNS_BLOCK_ASSERTIONS=1";
				SDKROOT = iphoneos;
				TARGETED_DEVICE_FAMILY = "1,2";
				VALIDATE_PRODUCT = YES;
			};
			name = Release;
		};
		B843041F17DC211700C41508 /* Debug */ = {
			isa = XCBuildConfiguration;
			buildSettings = {
				GCC_PRECOMPILE_PREFIX_HEADER = YES;
				GCC_PREFIX_HEADER = "MDF1Project2/MDF1Project2-Prefix.pch";
				INFOPLIST_FILE = "MDF1Project2/MDF1Project2-Info.plist";
				PRODUCT_NAME = "$(TARGET_NAME)";
				WRAPPER_EXTENSION = app;
			};
			name = Debug;
		};
		B843042017DC211700C41508 /* Release */ = {
			isa = XCBuildConfiguration;
			buildSettings = {
				GCC_PRECOMPILE_PREFIX_HEADER = YES;
				GCC_PREFIX_HEADER = "MDF1Project2/MDF1Project2-Prefix.pch";
				INFOPLIST_FILE = "MDF1Project2/MDF1Project2-Info.plist";
				PRODUCT_NAME = "$(TARGET_NAME)";
				WRAPPER_EXTENSION = app;
			};
			name = Release;
		};
/* End XCBuildConfiguration section */

/* Begin XCConfigurationList section */
		B84303F317DC211700C41508 /* Build configuration list for PBXProject "MDF1Project2" */ = {
			isa = XCConfigurationList;
			buildConfigurations = (
				B843041C17DC211700C41508 /* Debug */,
				B843041D17DC211700C41508 /* Release */,
			);
			defaultConfigurationIsVisible = 0;
			defaultConfigurationName = Release;
		};
		B843041E17DC211700C41508 /* Build configuration list for PBXNativeTarget "MDF1Project2" */ = {
			isa = XCConfigurationList;
			buildConfigurations = (
				B843041F17DC211700C41508 /* Debug */,
				B843042017DC211700C41508 /* Release */,
			);
			defaultConfigurationIsVisible = 0;
		};
/* End XCConfigurationList section */
	};
	rootObject = B84303F017DC211700C41508 /* Project object */;
}
